
Microsoft Visual Studio Solution File, Format Version 12.00
# Visual Studio Version 17
VisualStudioVersion = 17.0.31912.275
MinimumVisualStudioVersion = 10.0.40219.1
Project("{2150E333-8FDC-42A3-9474-1A3956D46DE8}") = "BuildingBlocks", "BuildingBlocks", "{9B8BDACD-25C2-47F5-AE92-6CBE21A731B3}"
EndProject
Project("{9A19103F-16F7-4668-BE54-9A1E7A4F7556}") = "Bigstick.BuildingBlocks.Application", "BuildingBlocks\Application\Bigstick.BuildingBlocks.Application.csproj", "{97CA6C87-29EF-4781-846F-087DC2BC7B1C}"
EndProject
Project("{9A19103F-16F7-4668-BE54-9A1E7A4F7556}") = "Bigstick.BuildingBlocks.Domain", "BuildingBlocks\Domain\Bigstick.BuildingBlocks.Domain.csproj", "{714A295C-7B99-41E5-BCAF-049AEF1BA219}"
EndProject
Project("{9A19103F-16F7-4668-BE54-9A1E7A4F7556}") = "Bigstick.BuildingBlocks.Infrastructure", "BuildingBlocks\Infrastructure\Bigstick.BuildingBlocks.Infrastructure.csproj", "{845190EE-4C5B-44A8-82D6-DAD5E2C1C8BD}"
EndProject
Project("{9A19103F-16F7-4668-BE54-9A1E7A4F7556}") = "Bigstick.BuildingBlocks.EventBus", "BuildingBlocks\EventBus\Bigstick.BuildingBlocks.EventBus.csproj", "{423EE00C-4BA3-460F-98CB-E16BD18A434A}"
EndProject
Project("{9A19103F-16F7-4668-BE54-9A1E7A4F7556}") = "Bigstick.BuildingBlocks.ObjectStick", "BuildingBlocks\ObjectStick\Bigstick.BuildingBlocks.ObjectStick.csproj", "{C2850066-2F32-4688-BFAE-99FE4729B135}"
EndProject
Project("{2150E333-8FDC-42A3-9474-1A3956D46DE8}") = "Tests", "Tests", "{77253A1A-728C-4B42-8E4C-8EE1A39CDAEB}"
EndProject
Project("{9A19103F-16F7-4668-BE54-9A1E7A4F7556}") = "Bigstick.BuildingBlocks.Application.UnitTests", "BuildingBlocks\Tests\Application.UnitTests\Bigstick.BuildingBlocks.Application.UnitTests.csproj", "{5C7F3E68-92D8-47CB-B849-CFF339DE8607}"
EndProject
Project("{9A19103F-16F7-4668-BE54-9A1E7A4F7556}") = "Bigstick.BuildingBlocks.IntegrationTests", "BuildingBlocks\Tests\IntegrationTests\Bigstick.BuildingBlocks.IntegrationTests.csproj", "{E488E965-D1C5-4802-9976-85E4FD7F48AC}"
EndProject
Project("{9A19103F-16F7-4668-BE54-9A1E7A4F7556}") = "Bigstick.BuildingBlocks.ObjectStick.UnitTests", "BuildingBlocks\Tests\ObjectStick.UnitTests\Bigstick.BuildingBlocks.ObjectStick.UnitTests.csproj", "{B6700B5B-8BF9-430E-B118-7C681DC655DE}"
EndProject
Project("{2150E333-8FDC-42A3-9474-1A3956D46DE8}") = "API", "API", "{9B3527D8-28E4-47CA-8EBD-838BA03EA52C}"
EndProject
Project("{9A19103F-16F7-4668-BE54-9A1E7A4F7556}") = "Ferreteria.GestionVentas.API", "API\Ferreteria.GestionVentas.API.csproj", "{1910D1B7-995C-4405-B6DB-94C45D5B849F}"
EndProject
Project("{2150E333-8FDC-42A3-9474-1A3956D46DE8}") = "Modules", "Modules", "{05A1491D-7668-4410-BE50-15A851A2CEA5}"
EndProject
Project("{2150E333-8FDC-42A3-9474-1A3956D46DE8}") = "GestionVentas", "GestionVentas", "{A6A7CEF4-FF61-4005-9D6D-859C99DA55C4}"
EndProject
Project("{9A19103F-16F7-4668-BE54-9A1E7A4F7556}") = "Ferreteria.Modules.GestionVentas.Application", "Modules\GestionVentas\Application\Ferreteria.Modules.GestionVentas.Application.csproj", "{21723A94-7FDC-462C-B18D-348ABE0ED089}"
EndProject
Project("{9A19103F-16F7-4668-BE54-9A1E7A4F7556}") = "Ferreteria.Modules.GestionVentas.Domain", "Modules\GestionVentas\Domain\Ferreteria.Modules.GestionVentas.Domain.csproj", "{FB74C393-6577-44CB-90D0-35DFBFCB90CC}"
EndProject
Project("{9A19103F-16F7-4668-BE54-9A1E7A4F7556}") = "Ferreteria.Modules.GestionVentas.Infrastructure", "Modules\GestionVentas\Infrastructure\Ferreteria.Modules.GestionVentas.Infrastructure.csproj", "{C07A1B06-4940-49C1-A333-2307FA59F513}"
EndProject
Project("{9A19103F-16F7-4668-BE54-9A1E7A4F7556}") = "Ferreteria.Modules.GestionVentas.IntegrationsEvents", "Modules\GestionVentas\IntegrationsEvents\Ferreteria.Modules.GestionVentas.IntegrationsEvents.csproj", "{D42A2624-D3C0-43D3-8284-744D3E9E1A36}"
EndProject
Project("{2150E333-8FDC-42A3-9474-1A3956D46DE8}") = "Tests", "Tests", "{78958248-9E35-4118-9037-CDE7FC4E0D9A}"
EndProject
Project("{9A19103F-16F7-4668-BE54-9A1E7A4F7556}") = "Ferreteria.Modules.GestionVentas.Domain.UnitTest", "Modules\GestionVentas\Tests\UnitTest\Ferreteria.Modules.GestionVentas.Domain.UnitTest.csproj", "{9275034A-9ECC-4D10-87D2-EB3E3B5F9164}"
EndProject
Project("{9A19103F-16F7-4668-BE54-9A1E7A4F7556}") = "Ferreteria.Modules.GestionVentas.ArchTests", "Modules\GestionVentas\Tests\ArchTests\Ferreteria.Modules.GestionVentas.ArchTests.csproj", "{08765C84-9A6B-4981-9A0F-3A065A1663CC}"
EndProject
Project("{9A19103F-16F7-4668-BE54-9A1E7A4F7556}") = "Ferreteria.Modules.GestionVentas.IntegrationTests", "Modules\GestionVentas\Tests\IntegrationTests\Ferreteria.Modules.GestionVentas.IntegrationTests.csproj", "{8AED2F40-654E-45D1-9E35-AD98E8853373}"
EndProject
Project("{2150E333-8FDC-42A3-9474-1A3956D46DE8}") = "Tests", "Tests", "{1CE2A1A2-8DFC-4900-9112-B52A4658DDD4}"
EndProject
Project("{9A19103F-16F7-4668-BE54-9A1E7A4F7556}") = "Ferreteria.GestionVentas.ArchTests", "Tests\ArchTests\Ferreteria.GestionVentas.ArchTests.csproj", "{6BD77498-222C-4B88-A00B-C47839FD73BA}"
EndProject
Project("{9A19103F-16F7-4668-BE54-9A1E7A4F7556}") = "Ferreteria.GestionVentas.IntegrationTests", "Tests\IntegrationTests\Ferreteria.GestionVentas.IntegrationTests.csproj", "{BB52FCA6-80D5-490C-868E-8BEC8B82DAAE}"
EndProject
Project("{9A19103F-16F7-4668-BE54-9A1E7A4F7556}") = "Bigstick.BuildingBlocks.HttpClient", "BuildingBlocks\HttpClient\Bigstick.BuildingBlocks.HttpClient.csproj", "{043A45E0-FC8E-4D22-A624-C4B2EB15878F}"
EndProject
Project("{2150E333-8FDC-42A3-9474-1A3956D46DE8}") = "Comunications", "Comunications", "{D00C5CC5-37A1-46B4-A34C-A0C0F6773D1A}"
EndProject
Project("{9A19103F-16F7-4668-BE54-9A1E7A4F7556}") = "Ferreteria.Comunications.Application", "Comunications\Application\Ferreteria.Comunications.Application.csproj", "{239E524C-7E1C-49E5-8B43-C5BE93C00CAF}"
EndProject
Project("{9A19103F-16F7-4668-BE54-9A1E7A4F7556}") = "Ferreteria.Comunications.Infrastructure", "Comunications\Infraestructure\Ferreteria.Comunications.Infrastructure.csproj", "{FD7B674B-3894-4159-BAB0-7EBB357F926D}"
EndProject
Project("{9A19103F-16F7-4668-BE54-9A1E7A4F7556}") = "Bigstick.BuildingBlocks", "BuildingBlocks\Extensions\Bigstick.BuildingBlocks.csproj", "{E40EC325-4CB3-4E2A-A968-640B7FCF8EE7}"
EndProject
Project("{9A19103F-16F7-4668-BE54-9A1E7A4F7556}") = "Bigstick.BuildingBlocks.Tracing", "BuildingBlocks\Tracing\Bigstick.BuildingBlocks.Tracing.csproj", "{DF82A005-07D8-47D8-80B8-2769686C1D4C}"
EndProject
Project("{9A19103F-16F7-4668-BE54-9A1E7A4F7556}") = "Bigstick.BuildingBlocks.Reports", "BuildingBlocks\Reports\Bigstick.BuildingBlocks.Reports.csproj", "{56334361-B8E8-4C65-9FA0-477D32A6E2F9}"
EndProject
Global
	GlobalSection(SolutionConfigurationPlatforms) = preSolution
		Debug|Any CPU = Debug|Any CPU
		Debug|x64 = Debug|x64
		Debug|x86 = Debug|x86
		Release|Any CPU = Release|Any CPU
		Release|x64 = Release|x64
		Release|x86 = Release|x86
	EndGlobalSection
	GlobalSection(ProjectConfigurationPlatforms) = postSolution
		{97CA6C87-29EF-4781-846F-087DC2BC7B1C}.Debug|Any CPU.ActiveCfg = Debug|Any CPU
		{97CA6C87-29EF-4781-846F-087DC2BC7B1C}.Debug|Any CPU.Build.0 = Debug|Any CPU
		{97CA6C87-29EF-4781-846F-087DC2BC7B1C}.Debug|x64.ActiveCfg = Debug|Any CPU
		{97CA6C87-29EF-4781-846F-087DC2BC7B1C}.Debug|x64.Build.0 = Debug|Any CPU
		{97CA6C87-29EF-4781-846F-087DC2BC7B1C}.Debug|x86.ActiveCfg = Debug|Any CPU
		{97CA6C87-29EF-4781-846F-087DC2BC7B1C}.Debug|x86.Build.0 = Debug|Any CPU
		{97CA6C87-29EF-4781-846F-087DC2BC7B1C}.Release|Any CPU.ActiveCfg = Release|Any CPU
		{97CA6C87-29EF-4781-846F-087DC2BC7B1C}.Release|Any CPU.Build.0 = Release|Any CPU
		{97CA6C87-29EF-4781-846F-087DC2BC7B1C}.Release|x64.ActiveCfg = Release|Any CPU
		{97CA6C87-29EF-4781-846F-087DC2BC7B1C}.Release|x64.Build.0 = Release|Any CPU
		{97CA6C87-29EF-4781-846F-087DC2BC7B1C}.Release|x86.ActiveCfg = Release|Any CPU
		{97CA6C87-29EF-4781-846F-087DC2BC7B1C}.Release|x86.Build.0 = Release|Any CPU
		{714A295C-7B99-41E5-BCAF-049AEF1BA219}.Debug|Any CPU.ActiveCfg = Debug|Any CPU
		{714A295C-7B99-41E5-BCAF-049AEF1BA219}.Debug|Any CPU.Build.0 = Debug|Any CPU
		{714A295C-7B99-41E5-BCAF-049AEF1BA219}.Debug|x64.ActiveCfg = Debug|Any CPU
		{714A295C-7B99-41E5-BCAF-049AEF1BA219}.Debug|x64.Build.0 = Debug|Any CPU
		{714A295C-7B99-41E5-BCAF-049AEF1BA219}.Debug|x86.ActiveCfg = Debug|Any CPU
		{714A295C-7B99-41E5-BCAF-049AEF1BA219}.Debug|x86.Build.0 = Debug|Any CPU
		{714A295C-7B99-41E5-BCAF-049AEF1BA219}.Release|Any CPU.ActiveCfg = Release|Any CPU
		{714A295C-7B99-41E5-BCAF-049AEF1BA219}.Release|Any CPU.Build.0 = Release|Any CPU
		{714A295C-7B99-41E5-BCAF-049AEF1BA219}.Release|x64.ActiveCfg = Release|Any CPU
		{714A295C-7B99-41E5-BCAF-049AEF1BA219}.Release|x64.Build.0 = Release|Any CPU
		{714A295C-7B99-41E5-BCAF-049AEF1BA219}.Release|x86.ActiveCfg = Release|Any CPU
		{714A295C-7B99-41E5-BCAF-049AEF1BA219}.Release|x86.Build.0 = Release|Any CPU
		{845190EE-4C5B-44A8-82D6-DAD5E2C1C8BD}.Debug|Any CPU.ActiveCfg = Debug|Any CPU
		{845190EE-4C5B-44A8-82D6-DAD5E2C1C8BD}.Debug|Any CPU.Build.0 = Debug|Any CPU
		{845190EE-4C5B-44A8-82D6-DAD5E2C1C8BD}.Debug|x64.ActiveCfg = Debug|Any CPU
		{845190EE-4C5B-44A8-82D6-DAD5E2C1C8BD}.Debug|x64.Build.0 = Debug|Any CPU
		{845190EE-4C5B-44A8-82D6-DAD5E2C1C8BD}.Debug|x86.ActiveCfg = Debug|Any CPU
		{845190EE-4C5B-44A8-82D6-DAD5E2C1C8BD}.Debug|x86.Build.0 = Debug|Any CPU
		{845190EE-4C5B-44A8-82D6-DAD5E2C1C8BD}.Release|Any CPU.ActiveCfg = Release|Any CPU
		{845190EE-4C5B-44A8-82D6-DAD5E2C1C8BD}.Release|Any CPU.Build.0 = Release|Any CPU
		{845190EE-4C5B-44A8-82D6-DAD5E2C1C8BD}.Release|x64.ActiveCfg = Release|Any CPU
		{845190EE-4C5B-44A8-82D6-DAD5E2C1C8BD}.Release|x64.Build.0 = Release|Any CPU
		{845190EE-4C5B-44A8-82D6-DAD5E2C1C8BD}.Release|x86.ActiveCfg = Release|Any CPU
		{845190EE-4C5B-44A8-82D6-DAD5E2C1C8BD}.Release|x86.Build.0 = Release|Any CPU
		{423EE00C-4BA3-460F-98CB-E16BD18A434A}.Debug|Any CPU.ActiveCfg = Debug|Any CPU
		{423EE00C-4BA3-460F-98CB-E16BD18A434A}.Debug|Any CPU.Build.0 = Debug|Any CPU
		{423EE00C-4BA3-460F-98CB-E16BD18A434A}.Debug|x64.ActiveCfg = Debug|Any CPU
		{423EE00C-4BA3-460F-98CB-E16BD18A434A}.Debug|x64.Build.0 = Debug|Any CPU
		{423EE00C-4BA3-460F-98CB-E16BD18A434A}.Debug|x86.ActiveCfg = Debug|Any CPU
		{423EE00C-4BA3-460F-98CB-E16BD18A434A}.Debug|x86.Build.0 = Debug|Any CPU
		{423EE00C-4BA3-460F-98CB-E16BD18A434A}.Release|Any CPU.ActiveCfg = Release|Any CPU
		{423EE00C-4BA3-460F-98CB-E16BD18A434A}.Release|Any CPU.Build.0 = Release|Any CPU
		{423EE00C-4BA3-460F-98CB-E16BD18A434A}.Release|x64.ActiveCfg = Release|Any CPU
		{423EE00C-4BA3-460F-98CB-E16BD18A434A}.Release|x64.Build.0 = Release|Any CPU
		{423EE00C-4BA3-460F-98CB-E16BD18A434A}.Release|x86.ActiveCfg = Release|Any CPU
		{423EE00C-4BA3-460F-98CB-E16BD18A434A}.Release|x86.Build.0 = Release|Any CPU
		{C2850066-2F32-4688-BFAE-99FE4729B135}.Debug|Any CPU.ActiveCfg = Debug|Any CPU
		{C2850066-2F32-4688-BFAE-99FE4729B135}.Debug|Any CPU.Build.0 = Debug|Any CPU
		{C2850066-2F32-4688-BFAE-99FE4729B135}.Debug|x64.ActiveCfg = Debug|Any CPU
		{C2850066-2F32-4688-BFAE-99FE4729B135}.Debug|x64.Build.0 = Debug|Any CPU
		{C2850066-2F32-4688-BFAE-99FE4729B135}.Debug|x86.ActiveCfg = Debug|Any CPU
		{C2850066-2F32-4688-BFAE-99FE4729B135}.Debug|x86.Build.0 = Debug|Any CPU
		{C2850066-2F32-4688-BFAE-99FE4729B135}.Release|Any CPU.ActiveCfg = Release|Any CPU
		{C2850066-2F32-4688-BFAE-99FE4729B135}.Release|Any CPU.Build.0 = Release|Any CPU
		{C2850066-2F32-4688-BFAE-99FE4729B135}.Release|x64.ActiveCfg = Release|Any CPU
		{C2850066-2F32-4688-BFAE-99FE4729B135}.Release|x64.Build.0 = Release|Any CPU
		{C2850066-2F32-4688-BFAE-99FE4729B135}.Release|x86.ActiveCfg = Release|Any CPU
		{C2850066-2F32-4688-BFAE-99FE4729B135}.Release|x86.Build.0 = Release|Any CPU
		{5C7F3E68-92D8-47CB-B849-CFF339DE8607}.Debug|Any CPU.ActiveCfg = Debug|Any CPU
		{5C7F3E68-92D8-47CB-B849-CFF339DE8607}.Debug|Any CPU.Build.0 = Debug|Any CPU
		{5C7F3E68-92D8-47CB-B849-CFF339DE8607}.Debug|x64.ActiveCfg = Debug|Any CPU
		{5C7F3E68-92D8-47CB-B849-CFF339DE8607}.Debug|x64.Build.0 = Debug|Any CPU
		{5C7F3E68-92D8-47CB-B849-CFF339DE8607}.Debug|x86.ActiveCfg = Debug|Any CPU
		{5C7F3E68-92D8-47CB-B849-CFF339DE8607}.Debug|x86.Build.0 = Debug|Any CPU
		{5C7F3E68-92D8-47CB-B849-CFF339DE8607}.Release|Any CPU.ActiveCfg = Release|Any CPU
		{5C7F3E68-92D8-47CB-B849-CFF339DE8607}.Release|Any CPU.Build.0 = Release|Any CPU
		{5C7F3E68-92D8-47CB-B849-CFF339DE8607}.Release|x64.ActiveCfg = Release|Any CPU
		{5C7F3E68-92D8-47CB-B849-CFF339DE8607}.Release|x64.Build.0 = Release|Any CPU
		{5C7F3E68-92D8-47CB-B849-CFF339DE8607}.Release|x86.ActiveCfg = Release|Any CPU
		{5C7F3E68-92D8-47CB-B849-CFF339DE8607}.Release|x86.Build.0 = Release|Any CPU
		{E488E965-D1C5-4802-9976-85E4FD7F48AC}.Debug|Any CPU.ActiveCfg = Debug|Any CPU
		{E488E965-D1C5-4802-9976-85E4FD7F48AC}.Debug|Any CPU.Build.0 = Debug|Any CPU
		{E488E965-D1C5-4802-9976-85E4FD7F48AC}.Debug|x64.ActiveCfg = Debug|Any CPU
		{E488E965-D1C5-4802-9976-85E4FD7F48AC}.Debug|x64.Build.0 = Debug|Any CPU
		{E488E965-D1C5-4802-9976-85E4FD7F48AC}.Debug|x86.ActiveCfg = Debug|Any CPU
		{E488E965-D1C5-4802-9976-85E4FD7F48AC}.Debug|x86.Build.0 = Debug|Any CPU
		{E488E965-D1C5-4802-9976-85E4FD7F48AC}.Release|Any CPU.ActiveCfg = Release|Any CPU
		{E488E965-D1C5-4802-9976-85E4FD7F48AC}.Release|Any CPU.Build.0 = Release|Any CPU
		{E488E965-D1C5-4802-9976-85E4FD7F48AC}.Release|x64.ActiveCfg = Release|Any CPU
		{E488E965-D1C5-4802-9976-85E4FD7F48AC}.Release|x64.Build.0 = Release|Any CPU
		{E488E965-D1C5-4802-9976-85E4FD7F48AC}.Release|x86.ActiveCfg = Release|Any CPU
		{E488E965-D1C5-4802-9976-85E4FD7F48AC}.Release|x86.Build.0 = Release|Any CPU
		{B6700B5B-8BF9-430E-B118-7C681DC655DE}.Debug|Any CPU.ActiveCfg = Debug|Any CPU
		{B6700B5B-8BF9-430E-B118-7C681DC655DE}.Debug|Any CPU.Build.0 = Debug|Any CPU
		{B6700B5B-8BF9-430E-B118-7C681DC655DE}.Debug|x64.ActiveCfg = Debug|Any CPU
		{B6700B5B-8BF9-430E-B118-7C681DC655DE}.Debug|x64.Build.0 = Debug|Any CPU
		{B6700B5B-8BF9-430E-B118-7C681DC655DE}.Debug|x86.ActiveCfg = Debug|Any CPU
		{B6700B5B-8BF9-430E-B118-7C681DC655DE}.Debug|x86.Build.0 = Debug|Any CPU
		{B6700B5B-8BF9-430E-B118-7C681DC655DE}.Release|Any CPU.ActiveCfg = Release|Any CPU
		{B6700B5B-8BF9-430E-B118-7C681DC655DE}.Release|Any CPU.Build.0 = Release|Any CPU
		{B6700B5B-8BF9-430E-B118-7C681DC655DE}.Release|x64.ActiveCfg = Release|Any CPU
		{B6700B5B-8BF9-430E-B118-7C681DC655DE}.Release|x64.Build.0 = Release|Any CPU
		{B6700B5B-8BF9-430E-B118-7C681DC655DE}.Release|x86.ActiveCfg = Release|Any CPU
		{B6700B5B-8BF9-430E-B118-7C681DC655DE}.Release|x86.Build.0 = Release|Any CPU
		{1910D1B7-995C-4405-B6DB-94C45D5B849F}.Debug|Any CPU.ActiveCfg = Debug|Any CPU
		{1910D1B7-995C-4405-B6DB-94C45D5B849F}.Debug|Any CPU.Build.0 = Debug|Any CPU
		{1910D1B7-995C-4405-B6DB-94C45D5B849F}.Debug|x64.ActiveCfg = Debug|Any CPU
		{1910D1B7-995C-4405-B6DB-94C45D5B849F}.Debug|x64.Build.0 = Debug|Any CPU
		{1910D1B7-995C-4405-B6DB-94C45D5B849F}.Debug|x86.ActiveCfg = Debug|Any CPU
		{1910D1B7-995C-4405-B6DB-94C45D5B849F}.Debug|x86.Build.0 = Debug|Any CPU
		{1910D1B7-995C-4405-B6DB-94C45D5B849F}.Release|Any CPU.ActiveCfg = Release|Any CPU
		{1910D1B7-995C-4405-B6DB-94C45D5B849F}.Release|Any CPU.Build.0 = Release|Any CPU
		{1910D1B7-995C-4405-B6DB-94C45D5B849F}.Release|x64.ActiveCfg = Release|Any CPU
		{1910D1B7-995C-4405-B6DB-94C45D5B849F}.Release|x64.Build.0 = Release|Any CPU
		{1910D1B7-995C-4405-B6DB-94C45D5B849F}.Release|x86.ActiveCfg = Release|Any CPU
		{1910D1B7-995C-4405-B6DB-94C45D5B849F}.Release|x86.Build.0 = Release|Any CPU
		{21723A94-7FDC-462C-B18D-348ABE0ED089}.Debug|Any CPU.ActiveCfg = Debug|Any CPU
		{21723A94-7FDC-462C-B18D-348ABE0ED089}.Debug|Any CPU.Build.0 = Debug|Any CPU
		{21723A94-7FDC-462C-B18D-348ABE0ED089}.Debug|x64.ActiveCfg = Debug|Any CPU
		{21723A94-7FDC-462C-B18D-348ABE0ED089}.Debug|x64.Build.0 = Debug|Any CPU
		{21723A94-7FDC-462C-B18D-348ABE0ED089}.Debug|x86.ActiveCfg = Debug|Any CPU
		{21723A94-7FDC-462C-B18D-348ABE0ED089}.Debug|x86.Build.0 = Debug|Any CPU
		{21723A94-7FDC-462C-B18D-348ABE0ED089}.Release|Any CPU.ActiveCfg = Release|Any CPU
		{21723A94-7FDC-462C-B18D-348ABE0ED089}.Release|Any CPU.Build.0 = Release|Any CPU
		{21723A94-7FDC-462C-B18D-348ABE0ED089}.Release|x64.ActiveCfg = Release|Any CPU
		{21723A94-7FDC-462C-B18D-348ABE0ED089}.Release|x64.Build.0 = Release|Any CPU
		{21723A94-7FDC-462C-B18D-348ABE0ED089}.Release|x86.ActiveCfg = Release|Any CPU
		{21723A94-7FDC-462C-B18D-348ABE0ED089}.Release|x86.Build.0 = Release|Any CPU
		{FB74C393-6577-44CB-90D0-35DFBFCB90CC}.Debug|Any CPU.ActiveCfg = Debug|Any CPU
		{FB74C393-6577-44CB-90D0-35DFBFCB90CC}.Debug|Any CPU.Build.0 = Debug|Any CPU
		{FB74C393-6577-44CB-90D0-35DFBFCB90CC}.Debug|x64.ActiveCfg = Debug|Any CPU
		{FB74C393-6577-44CB-90D0-35DFBFCB90CC}.Debug|x64.Build.0 = Debug|Any CPU
		{FB74C393-6577-44CB-90D0-35DFBFCB90CC}.Debug|x86.ActiveCfg = Debug|Any CPU
		{FB74C393-6577-44CB-90D0-35DFBFCB90CC}.Debug|x86.Build.0 = Debug|Any CPU
		{FB74C393-6577-44CB-90D0-35DFBFCB90CC}.Release|Any CPU.ActiveCfg = Release|Any CPU
		{FB74C393-6577-44CB-90D0-35DFBFCB90CC}.Release|Any CPU.Build.0 = Release|Any CPU
		{FB74C393-6577-44CB-90D0-35DFBFCB90CC}.Release|x64.ActiveCfg = Release|Any CPU
		{FB74C393-6577-44CB-90D0-35DFBFCB90CC}.Release|x64.Build.0 = Release|Any CPU
		{FB74C393-6577-44CB-90D0-35DFBFCB90CC}.Release|x86.ActiveCfg = Release|Any CPU
		{FB74C393-6577-44CB-90D0-35DFBFCB90CC}.Release|x86.Build.0 = Release|Any CPU
		{C07A1B06-4940-49C1-A333-2307FA59F513}.Debug|Any CPU.ActiveCfg = Debug|Any CPU
		{C07A1B06-4940-49C1-A333-2307FA59F513}.Debug|Any CPU.Build.0 = Debug|Any CPU
		{C07A1B06-4940-49C1-A333-2307FA59F513}.Debug|x64.ActiveCfg = Debug|Any CPU
		{C07A1B06-4940-49C1-A333-2307FA59F513}.Debug|x64.Build.0 = Debug|Any CPU
		{C07A1B06-4940-49C1-A333-2307FA59F513}.Debug|x86.ActiveCfg = Debug|Any CPU
		{C07A1B06-4940-49C1-A333-2307FA59F513}.Debug|x86.Build.0 = Debug|Any CPU
		{C07A1B06-4940-49C1-A333-2307FA59F513}.Release|Any CPU.ActiveCfg = Release|Any CPU
		{C07A1B06-4940-49C1-A333-2307FA59F513}.Release|Any CPU.Build.0 = Release|Any CPU
		{C07A1B06-4940-49C1-A333-2307FA59F513}.Release|x64.ActiveCfg = Release|Any CPU
		{C07A1B06-4940-49C1-A333-2307FA59F513}.Release|x64.Build.0 = Release|Any CPU
		{C07A1B06-4940-49C1-A333-2307FA59F513}.Release|x86.ActiveCfg = Release|Any CPU
		{C07A1B06-4940-49C1-A333-2307FA59F513}.Release|x86.Build.0 = Release|Any CPU
		{D42A2624-D3C0-43D3-8284-744D3E9E1A36}.Debug|Any CPU.ActiveCfg = Debug|Any CPU
		{D42A2624-D3C0-43D3-8284-744D3E9E1A36}.Debug|Any CPU.Build.0 = Debug|Any CPU
		{D42A2624-D3C0-43D3-8284-744D3E9E1A36}.Debug|x64.ActiveCfg = Debug|Any CPU
		{D42A2624-D3C0-43D3-8284-744D3E9E1A36}.Debug|x64.Build.0 = Debug|Any CPU
		{D42A2624-D3C0-43D3-8284-744D3E9E1A36}.Debug|x86.ActiveCfg = Debug|Any CPU
		{D42A2624-D3C0-43D3-8284-744D3E9E1A36}.Debug|x86.Build.0 = Debug|Any CPU
		{D42A2624-D3C0-43D3-8284-744D3E9E1A36}.Release|Any CPU.ActiveCfg = Release|Any CPU
		{D42A2624-D3C0-43D3-8284-744D3E9E1A36}.Release|Any CPU.Build.0 = Release|Any CPU
		{D42A2624-D3C0-43D3-8284-744D3E9E1A36}.Release|x64.ActiveCfg = Release|Any CPU
		{D42A2624-D3C0-43D3-8284-744D3E9E1A36}.Release|x64.Build.0 = Release|Any CPU
		{D42A2624-D3C0-43D3-8284-744D3E9E1A36}.Release|x86.ActiveCfg = Release|Any CPU
		{D42A2624-D3C0-43D3-8284-744D3E9E1A36}.Release|x86.Build.0 = Release|Any CPU
		{9275034A-9ECC-4D10-87D2-EB3E3B5F9164}.Debug|Any CPU.ActiveCfg = Debug|Any CPU
		{9275034A-9ECC-4D10-87D2-EB3E3B5F9164}.Debug|Any CPU.Build.0 = Debug|Any CPU
		{9275034A-9ECC-4D10-87D2-EB3E3B5F9164}.Debug|x64.ActiveCfg = Debug|Any CPU
		{9275034A-9ECC-4D10-87D2-EB3E3B5F9164}.Debug|x64.Build.0 = Debug|Any CPU
		{9275034A-9ECC-4D10-87D2-EB3E3B5F9164}.Debug|x86.ActiveCfg = Debug|Any CPU
		{9275034A-9ECC-4D10-87D2-EB3E3B5F9164}.Debug|x86.Build.0 = Debug|Any CPU
		{9275034A-9ECC-4D10-87D2-EB3E3B5F9164}.Release|Any CPU.ActiveCfg = Release|Any CPU
		{9275034A-9ECC-4D10-87D2-EB3E3B5F9164}.Release|Any CPU.Build.0 = Release|Any CPU
		{9275034A-9ECC-4D10-87D2-EB3E3B5F9164}.Release|x64.ActiveCfg = Release|Any CPU
		{9275034A-9ECC-4D10-87D2-EB3E3B5F9164}.Release|x64.Build.0 = Release|Any CPU
		{9275034A-9ECC-4D10-87D2-EB3E3B5F9164}.Release|x86.ActiveCfg = Release|Any CPU
		{9275034A-9ECC-4D10-87D2-EB3E3B5F9164}.Release|x86.Build.0 = Release|Any CPU
		{08765C84-9A6B-4981-9A0F-3A065A1663CC}.Debug|Any CPU.ActiveCfg = Debug|Any CPU
		{08765C84-9A6B-4981-9A0F-3A065A1663CC}.Debug|Any CPU.Build.0 = Debug|Any CPU
		{08765C84-9A6B-4981-9A0F-3A065A1663CC}.Debug|x64.ActiveCfg = Debug|Any CPU
		{08765C84-9A6B-4981-9A0F-3A065A1663CC}.Debug|x64.Build.0 = Debug|Any CPU
		{08765C84-9A6B-4981-9A0F-3A065A1663CC}.Debug|x86.ActiveCfg = Debug|Any CPU
		{08765C84-9A6B-4981-9A0F-3A065A1663CC}.Debug|x86.Build.0 = Debug|Any CPU
		{08765C84-9A6B-4981-9A0F-3A065A1663CC}.Release|Any CPU.ActiveCfg = Release|Any CPU
		{08765C84-9A6B-4981-9A0F-3A065A1663CC}.Release|Any CPU.Build.0 = Release|Any CPU
		{08765C84-9A6B-4981-9A0F-3A065A1663CC}.Release|x64.ActiveCfg = Release|Any CPU
		{08765C84-9A6B-4981-9A0F-3A065A1663CC}.Release|x64.Build.0 = Release|Any CPU
		{08765C84-9A6B-4981-9A0F-3A065A1663CC}.Release|x86.ActiveCfg = Release|Any CPU
		{08765C84-9A6B-4981-9A0F-3A065A1663CC}.Release|x86.Build.0 = Release|Any CPU
		{8AED2F40-654E-45D1-9E35-AD98E8853373}.Debug|Any CPU.ActiveCfg = Debug|Any CPU
		{8AED2F40-654E-45D1-9E35-AD98E8853373}.Debug|Any CPU.Build.0 = Debug|Any CPU
		{8AED2F40-654E-45D1-9E35-AD98E8853373}.Debug|x64.ActiveCfg = Debug|Any CPU
		{8AED2F40-654E-45D1-9E35-AD98E8853373}.Debug|x64.Build.0 = Debug|Any CPU
		{8AED2F40-654E-45D1-9E35-AD98E8853373}.Debug|x86.ActiveCfg = Debug|Any CPU
		{8AED2F40-654E-45D1-9E35-AD98E8853373}.Debug|x86.Build.0 = Debug|Any CPU
		{8AED2F40-654E-45D1-9E35-AD98E8853373}.Release|Any CPU.ActiveCfg = Release|Any CPU
		{8AED2F40-654E-45D1-9E35-AD98E8853373}.Release|Any CPU.Build.0 = Release|Any CPU
		{8AED2F40-654E-45D1-9E35-AD98E8853373}.Release|x64.ActiveCfg = Release|Any CPU
		{8AED2F40-654E-45D1-9E35-AD98E8853373}.Release|x64.Build.0 = Release|Any CPU
		{8AED2F40-654E-45D1-9E35-AD98E8853373}.Release|x86.ActiveCfg = Release|Any CPU
		{8AED2F40-654E-45D1-9E35-AD98E8853373}.Release|x86.Build.0 = Release|Any CPU
		{6BD77498-222C-4B88-A00B-C47839FD73BA}.Debug|Any CPU.ActiveCfg = Debug|Any CPU
		{6BD77498-222C-4B88-A00B-C47839FD73BA}.Debug|Any CPU.Build.0 = Debug|Any CPU
		{6BD77498-222C-4B88-A00B-C47839FD73BA}.Debug|x64.ActiveCfg = Debug|Any CPU
		{6BD77498-222C-4B88-A00B-C47839FD73BA}.Debug|x64.Build.0 = Debug|Any CPU
		{6BD77498-222C-4B88-A00B-C47839FD73BA}.Debug|x86.ActiveCfg = Debug|Any CPU
		{6BD77498-222C-4B88-A00B-C47839FD73BA}.Debug|x86.Build.0 = Debug|Any CPU
		{6BD77498-222C-4B88-A00B-C47839FD73BA}.Release|Any CPU.ActiveCfg = Release|Any CPU
		{6BD77498-222C-4B88-A00B-C47839FD73BA}.Release|Any CPU.Build.0 = Release|Any CPU
		{6BD77498-222C-4B88-A00B-C47839FD73BA}.Release|x64.ActiveCfg = Release|Any CPU
		{6BD77498-222C-4B88-A00B-C47839FD73BA}.Release|x64.Build.0 = Release|Any CPU
		{6BD77498-222C-4B88-A00B-C47839FD73BA}.Release|x86.ActiveCfg = Release|Any CPU
		{6BD77498-222C-4B88-A00B-C47839FD73BA}.Release|x86.Build.0 = Release|Any CPU
		{BB52FCA6-80D5-490C-868E-8BEC8B82DAAE}.Debug|Any CPU.ActiveCfg = Debug|Any CPU
		{BB52FCA6-80D5-490C-868E-8BEC8B82DAAE}.Debug|Any CPU.Build.0 = Debug|Any CPU
		{BB52FCA6-80D5-490C-868E-8BEC8B82DAAE}.Debug|x64.ActiveCfg = Debug|Any CPU
		{BB52FCA6-80D5-490C-868E-8BEC8B82DAAE}.Debug|x64.Build.0 = Debug|Any CPU
		{BB52FCA6-80D5-490C-868E-8BEC8B82DAAE}.Debug|x86.ActiveCfg = Debug|Any CPU
		{BB52FCA6-80D5-490C-868E-8BEC8B82DAAE}.Debug|x86.Build.0 = Debug|Any CPU
		{BB52FCA6-80D5-490C-868E-8BEC8B82DAAE}.Release|Any CPU.ActiveCfg = Release|Any CPU
		{BB52FCA6-80D5-490C-868E-8BEC8B82DAAE}.Release|Any CPU.Build.0 = Release|Any CPU
		{BB52FCA6-80D5-490C-868E-8BEC8B82DAAE}.Release|x64.ActiveCfg = Release|Any CPU
		{BB52FCA6-80D5-490C-868E-8BEC8B82DAAE}.Release|x64.Build.0 = Release|Any CPU
		{BB52FCA6-80D5-490C-868E-8BEC8B82DAAE}.Release|x86.ActiveCfg = Release|Any CPU
		{BB52FCA6-80D5-490C-868E-8BEC8B82DAAE}.Release|x86.Build.0 = Release|Any CPU
		{043A45E0-FC8E-4D22-A624-C4B2EB15878F}.Debug|Any CPU.ActiveCfg = Debug|Any CPU
		{043A45E0-FC8E-4D22-A624-C4B2EB15878F}.Debug|Any CPU.Build.0 = Debug|Any CPU
		{043A45E0-FC8E-4D22-A624-C4B2EB15878F}.Debug|x64.ActiveCfg = Debug|Any CPU
		{043A45E0-FC8E-4D22-A624-C4B2EB15878F}.Debug|x64.Build.0 = Debug|Any CPU
		{043A45E0-FC8E-4D22-A624-C4B2EB15878F}.Debug|x86.ActiveCfg = Debug|Any CPU
		{043A45E0-FC8E-4D22-A624-C4B2EB15878F}.Debug|x86.Build.0 = Debug|Any CPU
		{043A45E0-FC8E-4D22-A624-C4B2EB15878F}.Release|Any CPU.ActiveCfg = Release|Any CPU
		{043A45E0-FC8E-4D22-A624-C4B2EB15878F}.Release|Any CPU.Build.0 = Release|Any CPU
		{043A45E0-FC8E-4D22-A624-C4B2EB15878F}.Release|x64.ActiveCfg = Release|Any CPU
		{043A45E0-FC8E-4D22-A624-C4B2EB15878F}.Release|x64.Build.0 = Release|Any CPU
		{043A45E0-FC8E-4D22-A624-C4B2EB15878F}.Release|x86.ActiveCfg = Release|Any CPU
		{043A45E0-FC8E-4D22-A624-C4B2EB15878F}.Release|x86.Build.0 = Release|Any CPU
		{239E524C-7E1C-49E5-8B43-C5BE93C00CAF}.Debug|Any CPU.ActiveCfg = Debug|Any CPU
		{239E524C-7E1C-49E5-8B43-C5BE93C00CAF}.Debug|Any CPU.Build.0 = Debug|Any CPU
		{239E524C-7E1C-49E5-8B43-C5BE93C00CAF}.Debug|x64.ActiveCfg = Debug|Any CPU
		{239E524C-7E1C-49E5-8B43-C5BE93C00CAF}.Debug|x64.Build.0 = Debug|Any CPU
		{239E524C-7E1C-49E5-8B43-C5BE93C00CAF}.Debug|x86.ActiveCfg = Debug|Any CPU
		{239E524C-7E1C-49E5-8B43-C5BE93C00CAF}.Debug|x86.Build.0 = Debug|Any CPU
		{239E524C-7E1C-49E5-8B43-C5BE93C00CAF}.Release|Any CPU.ActiveCfg = Release|Any CPU
		{239E524C-7E1C-49E5-8B43-C5BE93C00CAF}.Release|Any CPU.Build.0 = Release|Any CPU
		{239E524C-7E1C-49E5-8B43-C5BE93C00CAF}.Release|x64.ActiveCfg = Release|Any CPU
		{239E524C-7E1C-49E5-8B43-C5BE93C00CAF}.Release|x64.Build.0 = Release|Any CPU
		{239E524C-7E1C-49E5-8B43-C5BE93C00CAF}.Release|x86.ActiveCfg = Release|Any CPU
		{239E524C-7E1C-49E5-8B43-C5BE93C00CAF}.Release|x86.Build.0 = Release|Any CPU
		{FD7B674B-3894-4159-BAB0-7EBB357F926D}.Debug|Any CPU.ActiveCfg = Debug|Any CPU
		{FD7B674B-3894-4159-BAB0-7EBB357F926D}.Debug|Any CPU.Build.0 = Debug|Any CPU
		{FD7B674B-3894-4159-BAB0-7EBB357F926D}.Debug|x64.ActiveCfg = Debug|Any CPU
		{FD7B674B-3894-4159-BAB0-7EBB357F926D}.Debug|x64.Build.0 = Debug|Any CPU
		{FD7B674B-3894-4159-BAB0-7EBB357F926D}.Debug|x86.ActiveCfg = Debug|Any CPU
		{FD7B674B-3894-4159-BAB0-7EBB357F926D}.Debug|x86.Build.0 = Debug|Any CPU
		{FD7B674B-3894-4159-BAB0-7EBB357F926D}.Release|Any CPU.ActiveCfg = Release|Any CPU
		{FD7B674B-3894-4159-BAB0-7EBB357F926D}.Release|Any CPU.Build.0 = Release|Any CPU
		{FD7B674B-3894-4159-BAB0-7EBB357F926D}.Release|x64.ActiveCfg = Release|Any CPU
		{FD7B674B-3894-4159-BAB0-7EBB357F926D}.Release|x64.Build.0 = Release|Any CPU
		{FD7B674B-3894-4159-BAB0-7EBB357F926D}.Release|x86.ActiveCfg = Release|Any CPU
		{FD7B674B-3894-4159-BAB0-7EBB357F926D}.Release|x86.Build.0 = Release|Any CPU
		{E40EC325-4CB3-4E2A-A968-640B7FCF8EE7}.Debug|Any CPU.ActiveCfg = Debug|Any CPU
		{E40EC325-4CB3-4E2A-A968-640B7FCF8EE7}.Debug|Any CPU.Build.0 = Debug|Any CPU
		{E40EC325-4CB3-4E2A-A968-640B7FCF8EE7}.Debug|x64.ActiveCfg = Debug|Any CPU
		{E40EC325-4CB3-4E2A-A968-640B7FCF8EE7}.Debug|x64.Build.0 = Debug|Any CPU
		{E40EC325-4CB3-4E2A-A968-640B7FCF8EE7}.Debug|x86.ActiveCfg = Debug|Any CPU
		{E40EC325-4CB3-4E2A-A968-640B7FCF8EE7}.Debug|x86.Build.0 = Debug|Any CPU
		{E40EC325-4CB3-4E2A-A968-640B7FCF8EE7}.Release|Any CPU.ActiveCfg = Release|Any CPU
		{E40EC325-4CB3-4E2A-A968-640B7FCF8EE7}.Release|Any CPU.Build.0 = Release|Any CPU
		{E40EC325-4CB3-4E2A-A968-640B7FCF8EE7}.Release|x64.ActiveCfg = Release|Any CPU
		{E40EC325-4CB3-4E2A-A968-640B7FCF8EE7}.Release|x64.Build.0 = Release|Any CPU
		{E40EC325-4CB3-4E2A-A968-640B7FCF8EE7}.Release|x86.ActiveCfg = Release|Any CPU
		{E40EC325-4CB3-4E2A-A968-640B7FCF8EE7}.Release|x86.Build.0 = Release|Any CPU
		{DF82A005-07D8-47D8-80B8-2769686C1D4C}.Debug|Any CPU.ActiveCfg = Debug|Any CPU
		{DF82A005-07D8-47D8-80B8-2769686C1D4C}.Debug|Any CPU.Build.0 = Debug|Any CPU
		{DF82A005-07D8-47D8-80B8-2769686C1D4C}.Debug|x64.ActiveCfg = Debug|Any CPU
		{DF82A005-07D8-47D8-80B8-2769686C1D4C}.Debug|x64.Build.0 = Debug|Any CPU
		{DF82A005-07D8-47D8-80B8-2769686C1D4C}.Debug|x86.ActiveCfg = Debug|Any CPU
		{DF82A005-07D8-47D8-80B8-2769686C1D4C}.Debug|x86.Build.0 = Debug|Any CPU
		{DF82A005-07D8-47D8-80B8-2769686C1D4C}.Release|Any CPU.ActiveCfg = Release|Any CPU
		{DF82A005-07D8-47D8-80B8-2769686C1D4C}.Release|Any CPU.Build.0 = Release|Any CPU
		{DF82A005-07D8-47D8-80B8-2769686C1D4C}.Release|x64.ActiveCfg = Release|Any CPU
		{DF82A005-07D8-47D8-80B8-2769686C1D4C}.Release|x64.Build.0 = Release|Any CPU
		{DF82A005-07D8-47D8-80B8-2769686C1D4C}.Release|x86.ActiveCfg = Release|Any CPU
		{DF82A005-07D8-47D8-80B8-2769686C1D4C}.Release|x86.Build.0 = Release|Any CPU
		{56334361-B8E8-4C65-9FA0-477D32A6E2F9}.Debug|Any CPU.ActiveCfg = Debug|Any CPU
		{56334361-B8E8-4C65-9FA0-477D32A6E2F9}.Debug|Any CPU.Build.0 = Debug|Any CPU
		{56334361-B8E8-4C65-9FA0-477D32A6E2F9}.Debug|x64.ActiveCfg = Debug|Any CPU
		{56334361-B8E8-4C65-9FA0-477D32A6E2F9}.Debug|x64.Build.0 = Debug|Any CPU
		{56334361-B8E8-4C65-9FA0-477D32A6E2F9}.Debug|x86.ActiveCfg = Debug|Any CPU
		{56334361-B8E8-4C65-9FA0-477D32A6E2F9}.Debug|x86.Build.0 = Debug|Any CPU
		{56334361-B8E8-4C65-9FA0-477D32A6E2F9}.Release|Any CPU.ActiveCfg = Release|Any CPU
		{56334361-B8E8-4C65-9FA0-477D32A6E2F9}.Release|Any CPU.Build.0 = Release|Any CPU
		{56334361-B8E8-4C65-9FA0-477D32A6E2F9}.Release|x64.ActiveCfg = Release|Any CPU
		{56334361-B8E8-4C65-9FA0-477D32A6E2F9}.Release|x64.Build.0 = Release|Any CPU
		{56334361-B8E8-4C65-9FA0-477D32A6E2F9}.Release|x86.ActiveCfg = Release|Any CPU
		{56334361-B8E8-4C65-9FA0-477D32A6E2F9}.Release|x86.Build.0 = Release|Any CPU
	EndGlobalSection
	GlobalSection(SolutionProperties) = preSolution
		HideSolutionNode = FALSE
	EndGlobalSection
	GlobalSection(NestedProjects) = preSolution
		{97CA6C87-29EF-4781-846F-087DC2BC7B1C} = {9B8BDACD-25C2-47F5-AE92-6CBE21A731B3}
		{714A295C-7B99-41E5-BCAF-049AEF1BA219} = {9B8BDACD-25C2-47F5-AE92-6CBE21A731B3}
		{845190EE-4C5B-44A8-82D6-DAD5E2C1C8BD} = {9B8BDACD-25C2-47F5-AE92-6CBE21A731B3}
		{423EE00C-4BA3-460F-98CB-E16BD18A434A} = {9B8BDACD-25C2-47F5-AE92-6CBE21A731B3}
		{C2850066-2F32-4688-BFAE-99FE4729B135} = {9B8BDACD-25C2-47F5-AE92-6CBE21A731B3}
		{77253A1A-728C-4B42-8E4C-8EE1A39CDAEB} = {9B8BDACD-25C2-47F5-AE92-6CBE21A731B3}
		{5C7F3E68-92D8-47CB-B849-CFF339DE8607} = {77253A1A-728C-4B42-8E4C-8EE1A39CDAEB}
		{E488E965-D1C5-4802-9976-85E4FD7F48AC} = {77253A1A-728C-4B42-8E4C-8EE1A39CDAEB}
		{B6700B5B-8BF9-430E-B118-7C681DC655DE} = {77253A1A-728C-4B42-8E4C-8EE1A39CDAEB}
		{1910D1B7-995C-4405-B6DB-94C45D5B849F} = {9B3527D8-28E4-47CA-8EBD-838BA03EA52C}
		{A6A7CEF4-FF61-4005-9D6D-859C99DA55C4} = {05A1491D-7668-4410-BE50-15A851A2CEA5}
		{21723A94-7FDC-462C-B18D-348ABE0ED089} = {A6A7CEF4-FF61-4005-9D6D-859C99DA55C4}
		{FB74C393-6577-44CB-90D0-35DFBFCB90CC} = {A6A7CEF4-FF61-4005-9D6D-859C99DA55C4}
		{C07A1B06-4940-49C1-A333-2307FA59F513} = {A6A7CEF4-FF61-4005-9D6D-859C99DA55C4}
		{D42A2624-D3C0-43D3-8284-744D3E9E1A36} = {A6A7CEF4-FF61-4005-9D6D-859C99DA55C4}
		{78958248-9E35-4118-9037-CDE7FC4E0D9A} = {A6A7CEF4-FF61-4005-9D6D-859C99DA55C4}
		{9275034A-9ECC-4D10-87D2-EB3E3B5F9164} = {78958248-9E35-4118-9037-CDE7FC4E0D9A}
		{08765C84-9A6B-4981-9A0F-3A065A1663CC} = {78958248-9E35-4118-9037-CDE7FC4E0D9A}
		{8AED2F40-654E-45D1-9E35-AD98E8853373} = {78958248-9E35-4118-9037-CDE7FC4E0D9A}
		{6BD77498-222C-4B88-A00B-C47839FD73BA} = {1CE2A1A2-8DFC-4900-9112-B52A4658DDD4}
		{BB52FCA6-80D5-490C-868E-8BEC8B82DAAE} = {1CE2A1A2-8DFC-4900-9112-B52A4658DDD4}
		{043A45E0-FC8E-4D22-A624-C4B2EB15878F} = {9B8BDACD-25C2-47F5-AE92-6CBE21A731B3}
		{239E524C-7E1C-49E5-8B43-C5BE93C00CAF} = {D00C5CC5-37A1-46B4-A34C-A0C0F6773D1A}
		{FD7B674B-3894-4159-BAB0-7EBB357F926D} = {D00C5CC5-37A1-46B4-A34C-A0C0F6773D1A}
		{E40EC325-4CB3-4E2A-A968-640B7FCF8EE7} = {9B8BDACD-25C2-47F5-AE92-6CBE21A731B3}
		{DF82A005-07D8-47D8-80B8-2769686C1D4C} = {9B8BDACD-25C2-47F5-AE92-6CBE21A731B3}
		{56334361-B8E8-4C65-9FA0-477D32A6E2F9} = {9B8BDACD-25C2-47F5-AE92-6CBE21A731B3}
	EndGlobalSection
	GlobalSection(ExtensibilityGlobals) = postSolution
		SolutionGuid = {0EBBCBEB-9C1C-47A1-B196-48AA25D4D434}
	EndGlobalSection
EndGlobal
